
Microsoft Visual Studio Solution File, Format Version 12.00
# Visual Studio 14
VisualStudioVersion = 14.0.25420.1
MinimumVisualStudioVersion = 10.0.40219.1
Project("{FAE04EC0-301F-11D3-BF4B-00C04F79EFBC}") = "FluentValidation.Validators.UnitTestExtension", "FluentValidation.Validators.UnitTestExtension\FluentValidation.Validators.UnitTestExtension.csproj", "{461C1F79-BA74-493A-BF4A-5101A696ED24}"
EndProject
Project("{FAE04EC0-301F-11D3-BF4B-00C04F79EFBC}") = "FluentValidation.Validators.UnitTestExtension.Tests", "FluentValidation.Validators.UnitTestExtension.Tests\FluentValidation.Validators.UnitTestExtension.Tests.csproj", "{D1752314-85EE-4B4C-B618-F8FF8F8DCB8E}"
EndProject
Project("{FAE04EC0-301F-11D3-BF4B-00C04F79EFBC}") = "FluentValidation.Validators.UnitTestExtension.Examples", "FluentValidation.Validators.UnitTestExtension.Examples\FluentValidation.Validators.UnitTestExtension.Examples.csproj", "{BC5F341F-3B28-4E89-8456-F61BD4E37D41}"
EndProject
Project("{FAE04EC0-301F-11D3-BF4B-00C04F79EFBC}") = "FluentValidation.Validators.UnitTestExtension.NuGet.Tests", "FluentValidation.Validators.UnitTestExtension.NuGet.Tests\FluentValidation.Validators.UnitTestExtension.NuGet.Tests.csproj", "{0FD51498-7E89-4225-88D5-511AF89B2AA7}"
EndProject
Global
	GlobalSection(SolutionConfigurationPlatforms) = preSolution
		Debug|Any CPU = Debug|Any CPU
		Publish|Any CPU = Publish|Any CPU
		Release|Any CPU = Release|Any CPU
	EndGlobalSection
	GlobalSection(ProjectConfigurationPlatforms) = postSolution
		{461C1F79-BA74-493A-BF4A-5101A696ED24}.Debug|Any CPU.ActiveCfg = Debug|Any CPU
		{461C1F79-BA74-493A-BF4A-5101A696ED24}.Debug|Any CPU.Build.0 = Debug|Any CPU
		{461C1F79-BA74-493A-BF4A-5101A696ED24}.Publish|Any CPU.ActiveCfg = Publish|Any CPU
		{461C1F79-BA74-493A-BF4A-5101A696ED24}.Publish|Any CPU.Build.0 = Publish|Any CPU
		{461C1F79-BA74-493A-BF4A-5101A696ED24}.Release|Any CPU.ActiveCfg = Release|Any CPU
		{461C1F79-BA74-493A-BF4A-5101A696ED24}.Release|Any CPU.Build.0 = Release|Any CPU
		{D1752314-85EE-4B4C-B618-F8FF8F8DCB8E}.Debug|Any CPU.ActiveCfg = Debug|Any CPU
		{D1752314-85EE-4B4C-B618-F8FF8F8DCB8E}.Debug|Any CPU.Build.0 = Debug|Any CPU
		{D1752314-85EE-4B4C-B618-F8FF8F8DCB8E}.Publish|Any CPU.ActiveCfg = Publish|Any CPU
		{D1752314-85EE-4B4C-B618-F8FF8F8DCB8E}.Release|Any CPU.ActiveCfg = Release|Any CPU
		{D1752314-85EE-4B4C-B618-F8FF8F8DCB8E}.Release|Any CPU.Build.0 = Release|Any CPU
		{BC5F341F-3B28-4E89-8456-F61BD4E37D41}.Debug|Any CPU.ActiveCfg = Debug|Any CPU
		{BC5F341F-3B28-4E89-8456-F61BD4E37D41}.Debug|Any CPU.Build.0 = Debug|Any CPU
		{BC5F341F-3B28-4E89-8456-F61BD4E37D41}.Publish|Any CPU.ActiveCfg = Release|Any CPU
		{BC5F341F-3B28-4E89-8456-F61BD4E37D41}.Release|Any CPU.ActiveCfg = Release|Any CPU
		{BC5F341F-3B28-4E89-8456-F61BD4E37D41}.Release|Any CPU.Build.0 = Release|Any CPU
		{0FD51498-7E89-4225-88D5-511AF89B2AA7}.Debug|Any CPU.ActiveCfg = Debug|Any CPU
		{0FD51498-7E89-4225-88D5-511AF89B2AA7}.Debug|Any CPU.Build.0 = Debug|Any CPU
		{0FD51498-7E89-4225-88D5-511AF89B2AA7}.Publish|Any CPU.ActiveCfg = Release|Any CPU
		{0FD51498-7E89-4225-88D5-511AF89B2AA7}.Release|Any CPU.ActiveCfg = Release|Any CPU
		{0FD51498-7E89-4225-88D5-511AF89B2AA7}.Release|Any CPU.Build.0 = Release|Any CPU
	EndGlobalSection
	GlobalSection(SolutionProperties) = preSolution
		HideSolutionNode = FALSE
	EndGlobalSection
EndGlobal
