
Microsoft Visual Studio Solution File, Format Version 12.00
# Visual Studio 15
VisualStudioVersion = 15.0.27703.2035
MinimumVisualStudioVersion = 10.0.40219.1
Project("{FAE04EC0-301F-11D3-BF4B-00C04F79EFBC}") = "FluentValidation.Validators.UnitTestExtension", "FluentValidation.Validators.UnitTestExtension\FluentValidation.Validators.UnitTestExtension.csproj", "{73A000A6-042A-4181-8C3A-B527176387CA}"
EndProject
Project("{FAE04EC0-301F-11D3-BF4B-00C04F79EFBC}") = "FluentValidation.Validators.UnitTestExtension.Tests", "FluentValidation.Validators.UnitTestExtension.Tests\FluentValidation.Validators.UnitTestExtension.Tests.csproj", "{3B2A0E67-F251-4EF7-900E-764C2B1BCE58}"
EndProject
Project("{FAE04EC0-301F-11D3-BF4B-00C04F79EFBC}") = "FluentValidation.Validators.UnitTestExtension.Examples", "FluentValidation.Validators.UnitTestExtension.Examples\FluentValidation.Validators.UnitTestExtension.Examples.csproj", "{D78C0FC7-C3B2-418B-8B62-095884981389}"
EndProject
Global
	GlobalSection(SolutionConfigurationPlatforms) = preSolution
		Debug|Any CPU = Debug|Any CPU
		Publish|Any CPU = Publish|Any CPU
		Release|Any CPU = Release|Any CPU
	EndGlobalSection
	GlobalSection(ProjectConfigurationPlatforms) = postSolution
		{73A000A6-042A-4181-8C3A-B527176387CA}.Debug|Any CPU.ActiveCfg = Debug|Any CPU
		{73A000A6-042A-4181-8C3A-B527176387CA}.Debug|Any CPU.Build.0 = Debug|Any CPU
		{73A000A6-042A-4181-8C3A-B527176387CA}.Publish|Any CPU.ActiveCfg = Debug|Any CPU
		{73A000A6-042A-4181-8C3A-B527176387CA}.Publish|Any CPU.Build.0 = Debug|Any CPU
		{73A000A6-042A-4181-8C3A-B527176387CA}.Release|Any CPU.ActiveCfg = Release|Any CPU
		{73A000A6-042A-4181-8C3A-B527176387CA}.Release|Any CPU.Build.0 = Release|Any CPU
		{3B2A0E67-F251-4EF7-900E-764C2B1BCE58}.Debug|Any CPU.ActiveCfg = Debug|Any CPU
		{3B2A0E67-F251-4EF7-900E-764C2B1BCE58}.Debug|Any CPU.Build.0 = Debug|Any CPU
		{3B2A0E67-F251-4EF7-900E-764C2B1BCE58}.Publish|Any CPU.ActiveCfg = Debug|Any CPU
		{3B2A0E67-F251-4EF7-900E-764C2B1BCE58}.Publish|Any CPU.Build.0 = Debug|Any CPU
		{3B2A0E67-F251-4EF7-900E-764C2B1BCE58}.Release|Any CPU.ActiveCfg = Release|Any CPU
		{3B2A0E67-F251-4EF7-900E-764C2B1BCE58}.Release|Any CPU.Build.0 = Release|Any CPU
		{D78C0FC7-C3B2-418B-8B62-095884981389}.Debug|Any CPU.ActiveCfg = Debug|Any CPU
		{D78C0FC7-C3B2-418B-8B62-095884981389}.Debug|Any CPU.Build.0 = Debug|Any CPU
		{D78C0FC7-C3B2-418B-8B62-095884981389}.Publish|Any CPU.ActiveCfg = Debug|Any CPU
		{D78C0FC7-C3B2-418B-8B62-095884981389}.Publish|Any CPU.Build.0 = Debug|Any CPU
		{D78C0FC7-C3B2-418B-8B62-095884981389}.Release|Any CPU.ActiveCfg = Release|Any CPU
		{D78C0FC7-C3B2-418B-8B62-095884981389}.Release|Any CPU.Build.0 = Release|Any CPU
	EndGlobalSection
	GlobalSection(SolutionProperties) = preSolution
		HideSolutionNode = FALSE
	EndGlobalSection
	GlobalSection(ExtensibilityGlobals) = postSolution
		SolutionGuid = {7B9BB1E3-511F-4F31-8BCC-B0B9790EF31B}
	EndGlobalSection
EndGlobal
